
Microsoft Visual Studio Solution File, Format Version 12.00
# Visual Studio Version 16
VisualStudioVersion = 16.0.29215.179
MinimumVisualStudioVersion = 10.0.40219.1
Project("{8BC9CEB8-8B4A-11D0-8D11-00A0C91BC942}") = "BpgCode", "BpgCode\BpgCode.vcxproj", "{45CDF672-4098-4A21-BCEC-4568E4F711D2}"
	ProjectSection(ProjectDependencies) = postProject
		{1EF93BA9-9A7B-414F-A0CC-1A54358ED559} = {1EF93BA9-9A7B-414F-A0CC-1A54358ED559}
	EndProjectSection
EndProject
Project("{8BC9CEB8-8B4A-11D0-8D11-00A0C91BC942}") = "libavcodec", "libavcodec\libavcodec.vcxproj", "{A9AEE7FB-96C2-4922-8286-359DCD15C0A9}"
	ProjectSection(ProjectDependencies) = postProject
		{3F0DCE4C-BA3A-4D68-B07B-9D840BC175CC} = {3F0DCE4C-BA3A-4D68-B07B-9D840BC175CC}
	EndProjectSection
EndProject
Project("{8BC9CEB8-8B4A-11D0-8D11-00A0C91BC942}") = "libavutil", "libavutil\libavutil.vcxproj", "{3F0DCE4C-BA3A-4D68-B07B-9D840BC175CC}"
EndProject
Project("{8BC9CEB8-8B4A-11D0-8D11-00A0C91BC942}") = "jctvc", "jctvc\jctvc.vcxproj", "{5100ABC6-4E40-487D-9D0E-F257E29E8DDA}"
EndProject
Project("{8BC9CEB8-8B4A-11D0-8D11-00A0C91BC942}") = "x265", "x265\x265.vcxproj", "{992F4F91-1BB0-4EAA-AE58-582A6619795F}"
EndProject
Project("{8BC9CEB8-8B4A-11D0-8D11-00A0C91BC942}") = "Bpg", "Bpg\Bpg.vcxproj", "{1EF93BA9-9A7B-414F-A0CC-1A54358ED559}"
	ProjectSection(ProjectDependencies) = postProject
		{3F0DCE4C-BA3A-4D68-B07B-9D840BC175CC} = {3F0DCE4C-BA3A-4D68-B07B-9D840BC175CC}
		{992F4F91-1BB0-4EAA-AE58-582A6619795F} = {992F4F91-1BB0-4EAA-AE58-582A6619795F}
		{5100ABC6-4E40-487D-9D0E-F257E29E8DDA} = {5100ABC6-4E40-487D-9D0E-F257E29E8DDA}
		{A9AEE7FB-96C2-4922-8286-359DCD15C0A9} = {A9AEE7FB-96C2-4922-8286-359DCD15C0A9}
	EndProjectSection
EndProject
Global
	GlobalSection(SolutionConfigurationPlatforms) = preSolution
		Debug|Win32 = Debug|Win32
		Debug|x64 = Debug|x64
		Release|Win32 = Release|Win32
		Release|x64 = Release|x64
	EndGlobalSection
	GlobalSection(ProjectConfigurationPlatforms) = postSolution
		{45CDF672-4098-4A21-BCEC-4568E4F711D2}.Debug|Win32.ActiveCfg = Debug|Win32
		{45CDF672-4098-4A21-BCEC-4568E4F711D2}.Debug|Win32.Build.0 = Debug|Win32
		{45CDF672-4098-4A21-BCEC-4568E4F711D2}.Debug|x64.ActiveCfg = Debug|x64
		{45CDF672-4098-4A21-BCEC-4568E4F711D2}.Debug|x64.Build.0 = Debug|x64
		{45CDF672-4098-4A21-BCEC-4568E4F711D2}.Release|Win32.ActiveCfg = Release|Win32
		{45CDF672-4098-4A21-BCEC-4568E4F711D2}.Release|Win32.Build.0 = Release|Win32
		{45CDF672-4098-4A21-BCEC-4568E4F711D2}.Release|x64.ActiveCfg = Release|x64
		{45CDF672-4098-4A21-BCEC-4568E4F711D2}.Release|x64.Build.0 = Release|x64
		{A9AEE7FB-96C2-4922-8286-359DCD15C0A9}.Debug|Win32.ActiveCfg = Debug|Win32
		{A9AEE7FB-96C2-4922-8286-359DCD15C0A9}.Debug|Win32.Build.0 = Debug|Win32
		{A9AEE7FB-96C2-4922-8286-359DCD15C0A9}.Debug|x64.ActiveCfg = Debug|x64
		{A9AEE7FB-96C2-4922-8286-359DCD15C0A9}.Debug|x64.Build.0 = Debug|x64
		{A9AEE7FB-96C2-4922-8286-359DCD15C0A9}.Release|Win32.ActiveCfg = Release|Win32
		{A9AEE7FB-96C2-4922-8286-359DCD15C0A9}.Release|Win32.Build.0 = Release|Win32
		{A9AEE7FB-96C2-4922-8286-359DCD15C0A9}.Release|x64.ActiveCfg = Release|x64
		{A9AEE7FB-96C2-4922-8286-359DCD15C0A9}.Release|x64.Build.0 = Release|x64
		{3F0DCE4C-BA3A-4D68-B07B-9D840BC175CC}.Debug|Win32.ActiveCfg = Debug|Win32
		{3F0DCE4C-BA3A-4D68-B07B-9D840BC175CC}.Debug|Win32.Build.0 = Debug|Win32
		{3F0DCE4C-BA3A-4D68-B07B-9D840BC175CC}.Debug|x64.ActiveCfg = Debug|x64
		{3F0DCE4C-BA3A-4D68-B07B-9D840BC175CC}.Debug|x64.Build.0 = Debug|x64
		{3F0DCE4C-BA3A-4D68-B07B-9D840BC175CC}.Release|Win32.ActiveCfg = Release|Win32
		{3F0DCE4C-BA3A-4D68-B07B-9D840BC175CC}.Release|Win32.Build.0 = Release|Win32
		{3F0DCE4C-BA3A-4D68-B07B-9D840BC175CC}.Release|x64.ActiveCfg = Release|x64
		{3F0DCE4C-BA3A-4D68-B07B-9D840BC175CC}.Release|x64.Build.0 = Release|x64
		{5100ABC6-4E40-487D-9D0E-F257E29E8DDA}.Debug|Win32.ActiveCfg = Debug|Win32
		{5100ABC6-4E40-487D-9D0E-F257E29E8DDA}.Debug|Win32.Build.0 = Debug|Win32
		{5100ABC6-4E40-487D-9D0E-F257E29E8DDA}.Debug|x64.ActiveCfg = Debug|x64
		{5100ABC6-4E40-487D-9D0E-F257E29E8DDA}.Debug|x64.Build.0 = Debug|x64
		{5100ABC6-4E40-487D-9D0E-F257E29E8DDA}.Release|Win32.ActiveCfg = Release|Win32
		{5100ABC6-4E40-487D-9D0E-F257E29E8DDA}.Release|Win32.Build.0 = Release|Win32
		{5100ABC6-4E40-487D-9D0E-F257E29E8DDA}.Release|x64.ActiveCfg = Release|x64
		{5100ABC6-4E40-487D-9D0E-F257E29E8DDA}.Release|x64.Build.0 = Release|x64
		{992F4F91-1BB0-4EAA-AE58-582A6619795F}.Debug|Win32.ActiveCfg = Debug|Win32
		{992F4F91-1BB0-4EAA-AE58-582A6619795F}.Debug|Win32.Build.0 = Debug|Win32
		{992F4F91-1BB0-4EAA-AE58-582A6619795F}.Debug|x64.ActiveCfg = Debug|x64
		{992F4F91-1BB0-4EAA-AE58-582A6619795F}.Debug|x64.Build.0 = Debug|x64
		{992F4F91-1BB0-4EAA-AE58-582A6619795F}.Release|Win32.ActiveCfg = Release|Win32
		{992F4F91-1BB0-4EAA-AE58-582A6619795F}.Release|Win32.Build.0 = Release|Win32
		{992F4F91-1BB0-4EAA-AE58-582A6619795F}.Release|x64.ActiveCfg = Release|x64
		{992F4F91-1BB0-4EAA-AE58-582A6619795F}.Release|x64.Build.0 = Release|x64
		{1EF93BA9-9A7B-414F-A0CC-1A54358ED559}.Debug|Win32.ActiveCfg = Debug|Win32
		{1EF93BA9-9A7B-414F-A0CC-1A54358ED559}.Debug|Win32.Build.0 = Debug|Win32
		{1EF93BA9-9A7B-414F-A0CC-1A54358ED559}.Debug|x64.ActiveCfg = Debug|x64
		{1EF93BA9-9A7B-414F-A0CC-1A54358ED559}.Debug|x64.Build.0 = Debug|x64
		{1EF93BA9-9A7B-414F-A0CC-1A54358ED559}.Release|Win32.ActiveCfg = Release|Win32
		{1EF93BA9-9A7B-414F-A0CC-1A54358ED559}.Release|Win32.Build.0 = Release|Win32
		{1EF93BA9-9A7B-414F-A0CC-1A54358ED559}.Release|x64.ActiveCfg = Release|x64
		{1EF93BA9-9A7B-414F-A0CC-1A54358ED559}.Release|x64.Build.0 = Release|x64
	EndGlobalSection
	GlobalSection(SolutionProperties) = preSolution
		HideSolutionNode = FALSE
	EndGlobalSection
	GlobalSection(ExtensibilityGlobals) = postSolution
		SolutionGuid = {5901D9A8-EC82-484E-8AB8-86D3376735B6}
	EndGlobalSection
EndGlobal
