<?xml version="1.0" encoding="utf-8"?>
<Project ToolsVersion="4.0" xmlns="http://schemas.microsoft.com/developer/msbuild/2003">
  <ItemGroup>
    <Filter Include="头文件">
      <UniqueIdentifier>{9da6f489-13f2-4248-8636-d7dd996b1e16}</UniqueIdentifier>
    </Filter>
    <Filter Include="源文件">
      <UniqueIdentifier>{bcb34f67-462f-4f84-80c1-917cf5f8c2f1}</UniqueIdentifier>
    </Filter>
  </ItemGroup>
  <ItemGroup>
    <ClCompile Include="x265_glue.c">
      <Filter>源文件</Filter>
    </ClCompile>
  </ItemGroup>
  <ItemGroup>
    <ClInclude Include="x265.h">
      <Filter>头文件</Filter>
    </ClInclude>
    <ClInclude Include="x265_config.h">
      <Filter>头文件</Filter>
    </ClInclude>
  </ItemGroup>
</Project>